
Microsoft Visual Studio Solution File, Format Version 12.00
# Visual Studio Version 16
VisualStudioVersion = 16.0.30907.101
MinimumVisualStudioVersion = 10.0.40219.1
Project("{FAE04EC0-301F-11D3-BF4B-00C04F79EFBC}") = "DownloadCenter", "DownloadCenter\DownloadCenter.csproj", "{61F2F420-EE8F-49BA-A2E1-C6D29CCABCBA}"
EndProject
Global
	GlobalSection(SolutionConfigurationPlatforms) = preSolution
		Debug|Any CPU = Debug|Any CPU
		Release|Any CPU = Release|Any CPU
	EndGlobalSection
	GlobalSection(ProjectConfigurationPlatforms) = postSolution
		{61F2F420-EE8F-49BA-A2E1-C6D29CCABCBA}.Debug|Any CPU.ActiveCfg = Debug|Any CPU
		{61F2F420-EE8F-49BA-A2E1-C6D29CCABCBA}.Debug|Any CPU.Build.0 = Debug|Any CPU
		{61F2F420-EE8F-49BA-A2E1-C6D29CCABCBA}.Release|Any CPU.ActiveCfg = Release|Any CPU
		{61F2F420-EE8F-49BA-A2E1-C6D29CCABCBA}.Release|Any CPU.Build.0 = Release|Any CPU
	EndGlobalSection
	GlobalSection(SolutionProperties) = preSolution
		HideSolutionNode = FALSE
	EndGlobalSection
	GlobalSection(ExtensibilityGlobals) = postSolution
		SolutionGuid = {33916AE4-98D9-43F1-B58F-6C3511F89028}
	EndGlobalSection
EndGlobal
